
Microsoft Visual Studio Solution File, Format Version 11.00
# Visual Studio 2010
Project("{8BC9CEB8-8B4A-11D0-8D11-00A0C91BC942}") = "JRiftLibrary", "JRiftLibrary\JRiftLibrary.vcxproj", "{E91F40E9-BE57-4FE9-8927-4C48BBDDD6A6}"
EndProject
Global
	GlobalSection(SolutionConfigurationPlatforms) = preSolution
		Debug|Win32 = Debug|Win32
		Release|Win32 = Release|Win32
	EndGlobalSection
	GlobalSection(ProjectConfigurationPlatforms) = postSolution
		{E91F40E9-BE57-4FE9-8927-4C48BBDDD6A6}.Debug|Win32.ActiveCfg = Debug|Win32
		{E91F40E9-BE57-4FE9-8927-4C48BBDDD6A6}.Debug|Win32.Build.0 = Debug|Win32
		{E91F40E9-BE57-4FE9-8927-4C48BBDDD6A6}.Release|Win32.ActiveCfg = Release|Win32
		{E91F40E9-BE57-4FE9-8927-4C48BBDDD6A6}.Release|Win32.Build.0 = Release|Win32
	EndGlobalSection
	GlobalSection(SolutionProperties) = preSolution
		HideSolutionNode = FALSE
	EndGlobalSection
EndGlobal
